
Microsoft Visual Studio Solution File, Format Version 12.00
# Visual Studio Version 16
VisualStudioVersion = 16.0.29102.190
MinimumVisualStudioVersion = 10.0.40219.1
Project("{2150E333-8FDC-42A3-9474-1A3956D46DE8}") = "Common", "Common", "{6F5A6059-BE17-448B-82EC-7B7113029C88}"
EndProject
Project("{2150E333-8FDC-42A3-9474-1A3956D46DE8}") = "Data", "Data", "{8EBF0091-4A28-4970-B5BA-80B86C26291B}"
EndProject
Project("{2150E333-8FDC-42A3-9474-1A3956D46DE8}") = "Services", "Services", "{4613E121-F06B-4DF7-AB3B-3DED98DE6DBC}"
EndProject
Project("{2150E333-8FDC-42A3-9474-1A3956D46DE8}") = "Tests", "Tests", "{18BC7E4C-3D3A-4622-BE66-E9D8A2BA1616}"
EndProject
Project("{2150E333-8FDC-42A3-9474-1A3956D46DE8}") = "Web", "Web", "{5F9B345A-003A-4567-8DF7-A9996C652D3D}"
EndProject
Project("{9A19103F-16F7-4668-BE54-9A1E7A4F7556}") = "DotaApp.Api", "DotaApp.Api\DotaApp.Api.csproj", "{B22A9489-D949-4333-8728-F57B673C4F33}"
EndProject
Project("{9A19103F-16F7-4668-BE54-9A1E7A4F7556}") = "DotaApp.Data", "DotaApp.Data\DotaApp.Data.csproj", "{CC6B00A9-6377-42F1-A138-C68140407C5B}"
EndProject
Project("{9A19103F-16F7-4668-BE54-9A1E7A4F7556}") = "DotaApp.Data.DbModels", "DotaApp.Data.DbModels\DotaApp.Data.DbModels.csproj", "{77562717-0ADB-4D98-8A7A-743E9B19A23A}"
EndProject
Project("{9A19103F-16F7-4668-BE54-9A1E7A4F7556}") = "Sandbox", "Sandbox\Sandbox.csproj", "{890B8ADA-9B22-4F77-801D-1E0264FFE3FF}"
EndProject
Project("{9A19103F-16F7-4668-BE54-9A1E7A4F7556}") = "DotaApp.Services.Dtos", "DotaApp.Services.Dtos\DotaApp.Services.Dtos.csproj", "{B1385CB4-C858-4114-8107-1140BF16E5E9}"
EndProject
Project("{9A19103F-16F7-4668-BE54-9A1E7A4F7556}") = "DotaApp.Data.Common", "DotaApp.Data.Common\DotaApp.Data.Common.csproj", "{8C36C73F-446C-44EE-A0B6-4827948F9D07}"
EndProject
Project("{9A19103F-16F7-4668-BE54-9A1E7A4F7556}") = "DotaApp.Services.DataServices", "DotaApp.Services.DataServices\DotaApp.Services.DataServices.csproj", "{9FC687BF-1A5B-4819-A2C8-F193ED7A36C7}"
EndProject
Project("{9A19103F-16F7-4668-BE54-9A1E7A4F7556}") = "DotaApp.Data.ApiModels", "DotaApp.Data.ApiModels\DotaApp.Data.ApiModels.csproj", "{C753917F-9B97-4153-88FD-8A167BCA8F50}"
EndProject
Project("{9A19103F-16F7-4668-BE54-9A1E7A4F7556}") = "DotaApp.Services.Mapping", "DotaApp.Services.Mapping\DotaApp.Services.Mapping.csproj", "{33D599E8-59A4-4EA8-8E7B-D62EFEAD9AFA}"
EndProject
Project("{FAE04EC0-301F-11D3-BF4B-00C04F79EFBC}") = "DotaApp.Common", "DotaApp.Common\DotaApp.Common.csproj", "{9573FB23-A366-4B18-8D4D-94553C04042F}"
EndProject
Global
	GlobalSection(SolutionConfigurationPlatforms) = preSolution
		Debug|Any CPU = Debug|Any CPU
		Release|Any CPU = Release|Any CPU
	EndGlobalSection
	GlobalSection(ProjectConfigurationPlatforms) = postSolution
		{B22A9489-D949-4333-8728-F57B673C4F33}.Debug|Any CPU.ActiveCfg = Debug|Any CPU
		{B22A9489-D949-4333-8728-F57B673C4F33}.Debug|Any CPU.Build.0 = Debug|Any CPU
		{B22A9489-D949-4333-8728-F57B673C4F33}.Release|Any CPU.ActiveCfg = Release|Any CPU
		{B22A9489-D949-4333-8728-F57B673C4F33}.Release|Any CPU.Build.0 = Release|Any CPU
		{CC6B00A9-6377-42F1-A138-C68140407C5B}.Debug|Any CPU.ActiveCfg = Debug|Any CPU
		{CC6B00A9-6377-42F1-A138-C68140407C5B}.Debug|Any CPU.Build.0 = Debug|Any CPU
		{CC6B00A9-6377-42F1-A138-C68140407C5B}.Release|Any CPU.ActiveCfg = Release|Any CPU
		{CC6B00A9-6377-42F1-A138-C68140407C5B}.Release|Any CPU.Build.0 = Release|Any CPU
		{77562717-0ADB-4D98-8A7A-743E9B19A23A}.Debug|Any CPU.ActiveCfg = Debug|Any CPU
		{77562717-0ADB-4D98-8A7A-743E9B19A23A}.Debug|Any CPU.Build.0 = Debug|Any CPU
		{77562717-0ADB-4D98-8A7A-743E9B19A23A}.Release|Any CPU.ActiveCfg = Release|Any CPU
		{77562717-0ADB-4D98-8A7A-743E9B19A23A}.Release|Any CPU.Build.0 = Release|Any CPU
		{890B8ADA-9B22-4F77-801D-1E0264FFE3FF}.Debug|Any CPU.ActiveCfg = Debug|Any CPU
		{890B8ADA-9B22-4F77-801D-1E0264FFE3FF}.Debug|Any CPU.Build.0 = Debug|Any CPU
		{890B8ADA-9B22-4F77-801D-1E0264FFE3FF}.Release|Any CPU.ActiveCfg = Release|Any CPU
		{890B8ADA-9B22-4F77-801D-1E0264FFE3FF}.Release|Any CPU.Build.0 = Release|Any CPU
		{B1385CB4-C858-4114-8107-1140BF16E5E9}.Debug|Any CPU.ActiveCfg = Debug|Any CPU
		{B1385CB4-C858-4114-8107-1140BF16E5E9}.Debug|Any CPU.Build.0 = Debug|Any CPU
		{B1385CB4-C858-4114-8107-1140BF16E5E9}.Release|Any CPU.ActiveCfg = Release|Any CPU
		{B1385CB4-C858-4114-8107-1140BF16E5E9}.Release|Any CPU.Build.0 = Release|Any CPU
		{8C36C73F-446C-44EE-A0B6-4827948F9D07}.Debug|Any CPU.ActiveCfg = Debug|Any CPU
		{8C36C73F-446C-44EE-A0B6-4827948F9D07}.Debug|Any CPU.Build.0 = Debug|Any CPU
		{8C36C73F-446C-44EE-A0B6-4827948F9D07}.Release|Any CPU.ActiveCfg = Release|Any CPU
		{8C36C73F-446C-44EE-A0B6-4827948F9D07}.Release|Any CPU.Build.0 = Release|Any CPU
		{9FC687BF-1A5B-4819-A2C8-F193ED7A36C7}.Debug|Any CPU.ActiveCfg = Debug|Any CPU
		{9FC687BF-1A5B-4819-A2C8-F193ED7A36C7}.Debug|Any CPU.Build.0 = Debug|Any CPU
		{9FC687BF-1A5B-4819-A2C8-F193ED7A36C7}.Release|Any CPU.ActiveCfg = Release|Any CPU
		{9FC687BF-1A5B-4819-A2C8-F193ED7A36C7}.Release|Any CPU.Build.0 = Release|Any CPU
		{C753917F-9B97-4153-88FD-8A167BCA8F50}.Debug|Any CPU.ActiveCfg = Debug|Any CPU
		{C753917F-9B97-4153-88FD-8A167BCA8F50}.Debug|Any CPU.Build.0 = Debug|Any CPU
		{C753917F-9B97-4153-88FD-8A167BCA8F50}.Release|Any CPU.ActiveCfg = Release|Any CPU
		{C753917F-9B97-4153-88FD-8A167BCA8F50}.Release|Any CPU.Build.0 = Release|Any CPU
		{33D599E8-59A4-4EA8-8E7B-D62EFEAD9AFA}.Debug|Any CPU.ActiveCfg = Debug|Any CPU
		{33D599E8-59A4-4EA8-8E7B-D62EFEAD9AFA}.Debug|Any CPU.Build.0 = Debug|Any CPU
		{33D599E8-59A4-4EA8-8E7B-D62EFEAD9AFA}.Release|Any CPU.ActiveCfg = Release|Any CPU
		{33D599E8-59A4-4EA8-8E7B-D62EFEAD9AFA}.Release|Any CPU.Build.0 = Release|Any CPU
		{9573FB23-A366-4B18-8D4D-94553C04042F}.Debug|Any CPU.ActiveCfg = Debug|Any CPU
		{9573FB23-A366-4B18-8D4D-94553C04042F}.Debug|Any CPU.Build.0 = Debug|Any CPU
		{9573FB23-A366-4B18-8D4D-94553C04042F}.Release|Any CPU.ActiveCfg = Release|Any CPU
		{9573FB23-A366-4B18-8D4D-94553C04042F}.Release|Any CPU.Build.0 = Release|Any CPU
	EndGlobalSection
	GlobalSection(SolutionProperties) = preSolution
		HideSolutionNode = FALSE
	EndGlobalSection
	GlobalSection(NestedProjects) = preSolution
		{B22A9489-D949-4333-8728-F57B673C4F33} = {5F9B345A-003A-4567-8DF7-A9996C652D3D}
		{CC6B00A9-6377-42F1-A138-C68140407C5B} = {8EBF0091-4A28-4970-B5BA-80B86C26291B}
		{77562717-0ADB-4D98-8A7A-743E9B19A23A} = {8EBF0091-4A28-4970-B5BA-80B86C26291B}
		{890B8ADA-9B22-4F77-801D-1E0264FFE3FF} = {18BC7E4C-3D3A-4622-BE66-E9D8A2BA1616}
		{B1385CB4-C858-4114-8107-1140BF16E5E9} = {4613E121-F06B-4DF7-AB3B-3DED98DE6DBC}
		{8C36C73F-446C-44EE-A0B6-4827948F9D07} = {8EBF0091-4A28-4970-B5BA-80B86C26291B}
		{9FC687BF-1A5B-4819-A2C8-F193ED7A36C7} = {4613E121-F06B-4DF7-AB3B-3DED98DE6DBC}
		{C753917F-9B97-4153-88FD-8A167BCA8F50} = {8EBF0091-4A28-4970-B5BA-80B86C26291B}
		{33D599E8-59A4-4EA8-8E7B-D62EFEAD9AFA} = {4613E121-F06B-4DF7-AB3B-3DED98DE6DBC}
		{9573FB23-A366-4B18-8D4D-94553C04042F} = {6F5A6059-BE17-448B-82EC-7B7113029C88}
	EndGlobalSection
	GlobalSection(ExtensibilityGlobals) = postSolution
		SolutionGuid = {25B3949D-B646-4344-8980-479CFEC814DE}
	EndGlobalSection
EndGlobal
